
Microsoft Visual Studio Solution File, Format Version 12.00
# Visual Studio Version 17
VisualStudioVersion = 17.14.36804.6
MinimumVisualStudioVersion = 10.0.40219.1
Project("{FAE04EC0-301F-11D3-BF4B-00C04F79EFBC}") = "Medrecordwebapi", "medrecordwebapi\Medrecordwebapi.csproj", "{CDA11EB0-D6B9-49C7-92DC-C8B6114134E0}"
EndProject
Project("{FAE04EC0-301F-11D3-BF4B-00C04F79EFBC}") = "MedRecordsWPF", "MedRecordsWPF\MedRecordsWPF.csproj", "{776104F0-C9D0-4237-96FE-4723BF7D0FE8}"
EndProject
Project("{FAE04EC0-301F-11D3-BF4B-00C04F79EFBC}") = "SharedModels", "SharedModels\SharedModels.csproj", "{FAD9453A-AA07-4FEC-8901-9191ABCAF002}"
EndProject
Global
	GlobalSection(SolutionConfigurationPlatforms) = preSolution
		Debug|Any CPU = Debug|Any CPU
		Release|Any CPU = Release|Any CPU
	EndGlobalSection
	GlobalSection(ProjectConfigurationPlatforms) = postSolution
		{CDA11EB0-D6B9-49C7-92DC-C8B6114134E0}.Debug|Any CPU.ActiveCfg = Debug|Any CPU
		{CDA11EB0-D6B9-49C7-92DC-C8B6114134E0}.Debug|Any CPU.Build.0 = Debug|Any CPU
		{CDA11EB0-D6B9-49C7-92DC-C8B6114134E0}.Release|Any CPU.ActiveCfg = Release|Any CPU
		{CDA11EB0-D6B9-49C7-92DC-C8B6114134E0}.Release|Any CPU.Build.0 = Release|Any CPU
		{776104F0-C9D0-4237-96FE-4723BF7D0FE8}.Debug|Any CPU.ActiveCfg = Debug|Any CPU
		{776104F0-C9D0-4237-96FE-4723BF7D0FE8}.Debug|Any CPU.Build.0 = Debug|Any CPU
		{776104F0-C9D0-4237-96FE-4723BF7D0FE8}.Release|Any CPU.ActiveCfg = Release|Any CPU
		{776104F0-C9D0-4237-96FE-4723BF7D0FE8}.Release|Any CPU.Build.0 = Release|Any CPU
		{FAD9453A-AA07-4FEC-8901-9191ABCAF002}.Debug|Any CPU.ActiveCfg = Debug|Any CPU
		{FAD9453A-AA07-4FEC-8901-9191ABCAF002}.Debug|Any CPU.Build.0 = Debug|Any CPU
		{FAD9453A-AA07-4FEC-8901-9191ABCAF002}.Release|Any CPU.ActiveCfg = Release|Any CPU
		{FAD9453A-AA07-4FEC-8901-9191ABCAF002}.Release|Any CPU.Build.0 = Release|Any CPU
	EndGlobalSection
	GlobalSection(SolutionProperties) = preSolution
		HideSolutionNode = FALSE
	EndGlobalSection
	GlobalSection(ExtensibilityGlobals) = postSolution
		SolutionGuid = {ABDEB103-A21B-4A28-A304-FD768B228D86}
	EndGlobalSection
EndGlobal
