
Microsoft Visual Studio Solution File, Format Version 12.00
# Visual Studio Version 17
VisualStudioVersion = 17.14.36804.6
MinimumVisualStudioVersion = 10.0.40219.1
Project("{FAE04EC0-301F-11D3-BF4B-00C04F79EFBC}") = "Infrastructure", "Infrastructure\Infrastructure.csproj", "{6EE6C9F9-D49A-447E-9189-5C9720A15420}"
EndProject
Project("{FAE04EC0-301F-11D3-BF4B-00C04F79EFBC}") = "Core", "Core\Core.csproj", "{33158216-C08F-4B73-8CA2-062B6C337B2E}"
	ProjectSection(ProjectDependencies) = postProject
		{A00B8774-D2B6-4F19-B69E-24BCA45DB26F} = {A00B8774-D2B6-4F19-B69E-24BCA45DB26F}
	EndProjectSection
EndProject
Project("{FAE04EC0-301F-11D3-BF4B-00C04F79EFBC}") = "Domain", "Domain\Domain.csproj", "{A00B8774-D2B6-4F19-B69E-24BCA45DB26F}"
EndProject
Project("{FAE04EC0-301F-11D3-BF4B-00C04F79EFBC}") = "WebApi", "WebApi\WebApi.csproj", "{39BAC3DE-C727-4002-A270-A02C1E543401}"
EndProject
Project("{FAE04EC0-301F-11D3-BF4B-00C04F79EFBC}") = "WPF", "WPF\WPF.csproj", "{3102093E-6070-4A02-A14C-90609CF5815E}"
	ProjectSection(ProjectDependencies) = postProject
		{33158216-C08F-4B73-8CA2-062B6C337B2E} = {33158216-C08F-4B73-8CA2-062B6C337B2E}
	EndProjectSection
EndProject
Project("{2150E333-8FDC-42A3-9474-1A3956D46DE8}") = "Solution Items", "Solution Items", "{8EC462FD-D22E-90A8-E5CE-7E832BA40C5D}"
	ProjectSection(SolutionItems) = preProject
		NuGet.Config = NuGet.Config
	EndProjectSection
EndProject
Global
	GlobalSection(SolutionConfigurationPlatforms) = preSolution
		Debug|Any CPU = Debug|Any CPU
		Release|Any CPU = Release|Any CPU
	EndGlobalSection
	GlobalSection(ProjectConfigurationPlatforms) = postSolution
		{6EE6C9F9-D49A-447E-9189-5C9720A15420}.Debug|Any CPU.ActiveCfg = Debug|Any CPU
		{6EE6C9F9-D49A-447E-9189-5C9720A15420}.Debug|Any CPU.Build.0 = Debug|Any CPU
		{6EE6C9F9-D49A-447E-9189-5C9720A15420}.Release|Any CPU.ActiveCfg = Release|Any CPU
		{6EE6C9F9-D49A-447E-9189-5C9720A15420}.Release|Any CPU.Build.0 = Release|Any CPU
		{33158216-C08F-4B73-8CA2-062B6C337B2E}.Debug|Any CPU.ActiveCfg = Debug|Any CPU
		{33158216-C08F-4B73-8CA2-062B6C337B2E}.Debug|Any CPU.Build.0 = Debug|Any CPU
		{33158216-C08F-4B73-8CA2-062B6C337B2E}.Release|Any CPU.ActiveCfg = Release|Any CPU
		{33158216-C08F-4B73-8CA2-062B6C337B2E}.Release|Any CPU.Build.0 = Release|Any CPU
		{A00B8774-D2B6-4F19-B69E-24BCA45DB26F}.Debug|Any CPU.ActiveCfg = Debug|Any CPU
		{A00B8774-D2B6-4F19-B69E-24BCA45DB26F}.Debug|Any CPU.Build.0 = Debug|Any CPU
		{A00B8774-D2B6-4F19-B69E-24BCA45DB26F}.Release|Any CPU.ActiveCfg = Release|Any CPU
		{A00B8774-D2B6-4F19-B69E-24BCA45DB26F}.Release|Any CPU.Build.0 = Release|Any CPU
		{39BAC3DE-C727-4002-A270-A02C1E543401}.Debug|Any CPU.ActiveCfg = Debug|Any CPU
		{39BAC3DE-C727-4002-A270-A02C1E543401}.Debug|Any CPU.Build.0 = Debug|Any CPU
		{39BAC3DE-C727-4002-A270-A02C1E543401}.Release|Any CPU.ActiveCfg = Release|Any CPU
		{39BAC3DE-C727-4002-A270-A02C1E543401}.Release|Any CPU.Build.0 = Release|Any CPU
		{3102093E-6070-4A02-A14C-90609CF5815E}.Debug|Any CPU.ActiveCfg = Debug|Any CPU
		{3102093E-6070-4A02-A14C-90609CF5815E}.Debug|Any CPU.Build.0 = Debug|Any CPU
		{3102093E-6070-4A02-A14C-90609CF5815E}.Release|Any CPU.ActiveCfg = Release|Any CPU
		{3102093E-6070-4A02-A14C-90609CF5815E}.Release|Any CPU.Build.0 = Release|Any CPU
	EndGlobalSection
	GlobalSection(SolutionProperties) = preSolution
		HideSolutionNode = FALSE
	EndGlobalSection
	GlobalSection(ExtensibilityGlobals) = postSolution
		SolutionGuid = {ABDEB103-A21B-4A28-A304-FD768B228D86}
	EndGlobalSection
EndGlobal
